
Microsoft Visual Studio Solution File, Format Version 12.00
# Visual Studio Version 17
VisualStudioVersion = 17.7.34221.43
MinimumVisualStudioVersion = 10.0.40219.1
Project("{FAE04EC0-301F-11D3-BF4B-00C04F79EFBC}") = "Test.API", "Test.API\Test.API.csproj", "{C3918C19-758A-4C16-B2B1-460076C512F6}"
EndProject
Global
	GlobalSection(SolutionConfigurationPlatforms) = preSolution
		Debug|Any CPU = Debug|Any CPU
		Release|Any CPU = Release|Any CPU
	EndGlobalSection
	GlobalSection(ProjectConfigurationPlatforms) = postSolution
		{C3918C19-758A-4C16-B2B1-460076C512F6}.Debug|Any CPU.ActiveCfg = Debug|Any CPU
		{C3918C19-758A-4C16-B2B1-460076C512F6}.Debug|Any CPU.Build.0 = Debug|Any CPU
		{C3918C19-758A-4C16-B2B1-460076C512F6}.Release|Any CPU.ActiveCfg = Release|Any CPU
		{C3918C19-758A-4C16-B2B1-460076C512F6}.Release|Any CPU.Build.0 = Release|Any CPU
	EndGlobalSection
	GlobalSection(SolutionProperties) = preSolution
		HideSolutionNode = FALSE
	EndGlobalSection
	GlobalSection(ExtensibilityGlobals) = postSolution
		SolutionGuid = {66920826-3C6D-4343-9711-C800E418C2A4}
	EndGlobalSection
EndGlobal
